// !$*UTF8*$!
{
	archiveVersion = 1;
	classes = {
	};
	objectVersion = 50;
	objects = {

/* Begin PBXBuildFile section */
		9C11A04525FBB54800DB6386 /* Tests_iOS.swift in Sources */ = {isa = PBXBuildFile; fileRef = 9C11A04425FBB54800DB6386 /* Tests_iOS.swift */; };
		9C11A05025FBB54800DB6386 /* Tests_macOS.swift in Sources */ = {isa = PBXBuildFile; fileRef = 9C11A04F25FBB54800DB6386 /* Tests_macOS.swift */; };
		9C11A05225FBB54800DB6386 /* iDine.xcdatamodeld in Sources */ = {isa = PBXBuildFile; fileRef = 9C11A02625FBB54700DB6386 /* iDine.xcdatamodeld */; };
		9C11A05325FBB54800DB6386 /* iDine.xcdatamodeld in Sources */ = {isa = PBXBuildFile; fileRef = 9C11A02625FBB54700DB6386 /* iDine.xcdatamodeld */; };
		9C11A05425FBB54800DB6386 /* iDineApp.swift in Sources */ = {isa = PBXBuildFile; fileRef = 9C11A02825FBB54700DB6386 /* iDineApp.swift */; };
		9C11A05525FBB54800DB6386 /* iDineApp.swift in Sources */ = {isa = PBXBuildFile; fileRef = 9C11A02825FBB54700DB6386 /* iDineApp.swift */; };
		9C11A05625FBB54800DB6386 /* ContentView.swift in Sources */ = {isa = PBXBuildFile; fileRef = 9C11A02925FBB54700DB6386 /* ContentView.swift */; };
		9C11A05725FBB54800DB6386 /* ContentView.swift in Sources */ = {isa = PBXBuildFile; fileRef = 9C11A02925FBB54700DB6386 /* ContentView.swift */; };
		9C11A05825FBB54800DB6386 /* Persistence.swift in Sources */ = {isa = PBXBuildFile; fileRef = 9C11A02A25FBB54700DB6386 /* Persistence.swift */; };
		9C11A05925FBB54800DB6386 /* Persistence.swift in Sources */ = {isa = PBXBuildFile; fileRef = 9C11A02A25FBB54700DB6386 /* Persistence.swift */; };
		9C11A05A25FBB54800DB6386 /* Assets.xcassets in Resources */ = {isa = PBXBuildFile; fileRef = 9C11A02B25FBB54800DB6386 /* Assets.xcassets */; };
		9C11A05B25FBB54800DB6386 /* Assets.xcassets in Resources */ = {isa = PBXBuildFile; fileRef = 9C11A02B25FBB54800DB6386 /* Assets.xcassets */; };
/* End PBXBuildFile section */

/* Begin PBXContainerItemProxy section */
		9C11A04125FBB54800DB6386 /* PBXContainerItemProxy */ = {
			isa = PBXContainerItemProxy;
			containerPortal = 9C11A02125FBB54700DB6386 /* Project object */;
			proxyType = 1;
			remoteGlobalIDString = 9C11A02F25FBB54800DB6386;
			remoteInfo = "iDine (iOS)";
		};
		9C11A04C25FBB54800DB6386 /* PBXContainerItemProxy */ = {
			isa = PBXContainerItemProxy;
			containerPortal = 9C11A02125FBB54700DB6386 /* Project object */;
			proxyType = 1;
			remoteGlobalIDString = 9C11A03725FBB54800DB6386;
			remoteInfo = "iDine (macOS)";
		};
/* End PBXContainerItemProxy section */

/* Begin PBXFileReference section */
		9C11A02725FBB54700DB6386 /* Shared.xcdatamodel */ = {isa = PBXFileReference; lastKnownFileType = wrapper.xcdatamodel; path = Shared.xcdatamodel; sourceTree = "<group>"; };
		9C11A02825FBB54700DB6386 /* iDineApp.swift */ = {isa = PBXFileReference; lastKnownFileType = sourcecode.swift; path = iDineApp.swift; sourceTree = "<group>"; };
		9C11A02925FBB54700DB6386 /* ContentView.swift */ = {isa = PBXFileReference; lastKnownFileType = sourcecode.swift; path = ContentView.swift; sourceTree = "<group>"; };
		9C11A02A25FBB54700DB6386 /* Persistence.swift */ = {isa = PBXFileReference; lastKnownFileType = sourcecode.swift; path = Persistence.swift; sourceTree = "<group>"; };
		9C11A02B25FBB54800DB6386 /* Assets.xcassets */ = {isa = PBXFileReference; lastKnownFileType = folder.assetcatalog; path = Assets.xcassets; sourceTree = "<group>"; };
		9C11A03025FBB54800DB6386 /* iDine.app */ = {isa = PBXFileReference; explicitFileType = wrapper.application; includeInIndex = 0; path = iDine.app; sourceTree = BUILT_PRODUCTS_DIR; };
		9C11A03325FBB54800DB6386 /* Info.plist */ = {isa = PBXFileReference; lastKnownFileType = text.plist.xml; path = Info.plist; sourceTree = "<group>"; };
		9C11A03825FBB54800DB6386 /* iDine.app */ = {isa = PBXFileReference; explicitFileType = wrapper.application; includeInIndex = 0; path = iDine.app; sourceTree = BUILT_PRODUCTS_DIR; };
		9C11A03A25FBB54800DB6386 /* Info.plist */ = {isa = PBXFileReference; lastKnownFileType = text.plist.xml; path = Info.plist; sourceTree = "<group>"; };
		9C11A03B25FBB54800DB6386 /* macOS.entitlements */ = {isa = PBXFileReference; lastKnownFileType = text.plist.entitlements; path = macOS.entitlements; sourceTree = "<group>"; };
		9C11A04025FBB54800DB6386 /* Tests iOS.xctest */ = {isa = PBXFileReference; explicitFileType = wrapper.cfbundle; includeInIndex = 0; path = "Tests iOS.xctest"; sourceTree = BUILT_PRODUCTS_DIR; };
		9C11A04425FBB54800DB6386 /* Tests_iOS.swift */ = {isa = PBXFileReference; lastKnownFileType = sourcecode.swift; path = Tests_iOS.swift; sourceTree = "<group>"; };
		9C11A04625FBB54800DB6386 /* Info.plist */ = {isa = PBXFileReference; lastKnownFileType = text.plist.xml; path = Info.plist; sourceTree = "<group>"; };
		9C11A04B25FBB54800DB6386 /* Tests macOS.xctest */ = {isa = PBXFileReference; explicitFileType = wrapper.cfbundle; includeInIndex = 0; path = "Tests macOS.xctest"; sourceTree = BUILT_PRODUCTS_DIR; };
		9C11A04F25FBB54800DB6386 /* Tests_macOS.swift */ = {isa = PBXFileReference; lastKnownFileType = sourcecode.swift; path = Tests_macOS.swift; sourceTree = "<group>"; };
		9C11A05125FBB54800DB6386 /* Info.plist */ = {isa = PBXFileReference; lastKnownFileType = text.plist.xml; path = Info.plist; sourceTree = "<group>"; };
/* End PBXFileReference section */

/* Begin PBXFrameworksBuildPhase section */
		9C11A02D25FBB54800DB6386 /* Frameworks */ = {
			isa = PBXFrameworksBuildPhase;
			buildActionMask = 2147483647;
			files = (
			);
			runOnlyForDeploymentPostprocessing = 0;
		};
		9C11A03525FBB54800DB6386 /* Frameworks */ = {
			isa = PBXFrameworksBuildPhase;
			buildActionMask = 2147483647;
			files = (
			);
			runOnlyForDeploymentPostprocessing = 0;
		};
		9C11A03D25FBB54800DB6386 /* Frameworks */ = {
			isa = PBXFrameworksBuildPhase;
			buildActionMask = 2147483647;
			files = (
			);
			runOnlyForDeploymentPostprocessing = 0;
		};
		9C11A04825FBB54800DB6386 /* Frameworks */ = {
			isa = PBXFrameworksBuildPhase;
			buildActionMask = 2147483647;
			files = (
			);
			runOnlyForDeploymentPostprocessing = 0;
		};
/* End PBXFrameworksBuildPhase section */

/* Begin PBXGroup section */
		9C11A02025FBB54700DB6386 = {
			isa = PBXGroup;
			children = (
				9C11A02525FBB54700DB6386 /* Shared */,
				9C11A03225FBB54800DB6386 /* iOS */,
				9C11A03925FBB54800DB6386 /* macOS */,
				9C11A04325FBB54800DB6386 /* Tests iOS */,
				9C11A04E25FBB54800DB6386 /* Tests macOS */,
				9C11A03125FBB54800DB6386 /* Products */,
			);
			sourceTree = "<group>";
		};
		9C11A02525FBB54700DB6386 /* Shared */ = {
			isa = PBXGroup;
			children = (
				9C11A02825FBB54700DB6386 /* iDineApp.swift */,
				9C11A02925FBB54700DB6386 /* ContentView.swift */,
				9C11A02A25FBB54700DB6386 /* Persistence.swift */,
				9C11A02B25FBB54800DB6386 /* Assets.xcassets */,
				9C11A02625FBB54700DB6386 /* iDine.xcdatamodeld */,
			);
			path = Shared;
			sourceTree = "<group>";
		};
		9C11A03125FBB54800DB6386 /* Products */ = {
			isa = PBXGroup;
			children = (
				9C11A03025FBB54800DB6386 /* iDine.app */,
				9C11A03825FBB54800DB6386 /* iDine.app */,
				9C11A04025FBB54800DB6386 /* Tests iOS.xctest */,
				9C11A04B25FBB54800DB6386 /* Tests macOS.xctest */,
			);
			name = Products;
			sourceTree = "<group>";
		};
		9C11A03225FBB54800DB6386 /* iOS */ = {
			isa = PBXGroup;
			children = (
				9C11A03325FBB54800DB6386 /* Info.plist */,
			);
			path = iOS;
			sourceTree = "<group>";
		};
		9C11A03925FBB54800DB6386 /* macOS */ = {
			isa = PBXGroup;
			children = (
				9C11A03A25FBB54800DB6386 /* Info.plist */,
				9C11A03B25FBB54800DB6386 /* macOS.entitlements */,
			);
			path = macOS;
			sourceTree = "<group>";
		};
		9C11A04325FBB54800DB6386 /* Tests iOS */ = {
			isa = PBXGroup;
			children = (
				9C11A04425FBB54800DB6386 /* Tests_iOS.swift */,
				9C11A04625FBB54800DB6386 /* Info.plist */,
			);
			path = "Tests iOS";
			sourceTree = "<group>";
		};
		9C11A04E25FBB54800DB6386 /* Tests macOS */ = {
			isa = PBXGroup;
			children = (
				9C11A04F25FBB54800DB6386 /* Tests_macOS.swift */,
				9C11A05125FBB54800DB6386 /* Info.plist */,
			);
			path = "Tests macOS";
			sourceTree = "<group>";
		};
/* End PBXGroup section */

/* Begin PBXNativeTarget section */
		9C11A02F25FBB54800DB6386 /* iDine (iOS) */ = {
			isa = PBXNativeTarget;
			buildConfigurationList = 9C11A05E25FBB54800DB6386 /* Build configuration list for PBXNativeTarget "iDine (iOS)" */;
			buildPhases = (
				9C11A02C25FBB54800DB6386 /* Sources */,
				9C11A02D25FBB54800DB6386 /* Frameworks */,
				9C11A02E25FBB54800DB6386 /* Resources */,
			);
			buildRules = (
			);
			dependencies = (
			);
			name = "iDine (iOS)";
			productName = "iDine (iOS)";
			productReference = 9C11A03025FBB54800DB6386 /* iDine.app */;
			productType = "com.apple.product-type.application";
		};
		9C11A03725FBB54800DB6386 /* iDine (macOS) */ = {
			isa = PBXNativeTarget;
			buildConfigurationList = 9C11A06125FBB54800DB6386 /* Build configuration list for PBXNativeTarget "iDine (macOS)" */;
			buildPhases = (
				9C11A03425FBB54800DB6386 /* Sources */,
				9C11A03525FBB54800DB6386 /* Frameworks */,
				9C11A03625FBB54800DB6386 /* Resources */,
			);
			buildRules = (
			);
			dependencies = (
			);
			name = "iDine (macOS)";
			productName = "iDine (macOS)";
			productReference = 9C11A03825FBB54800DB6386 /* iDine.app */;
			productType = "com.apple.product-type.application";
		};
		9C11A03F25FBB54800DB6386 /* Tests iOS */ = {
			isa = PBXNativeTarget;
			buildConfigurationList = 9C11A06425FBB54800DB6386 /* Build configuration list for PBXNativeTarget "Tests iOS" */;
			buildPhases = (
				9C11A03C25FBB54800DB6386 /* Sources */,
				9C11A03D25FBB54800DB6386 /* Frameworks */,
				9C11A03E25FBB54800DB6386 /* Resources */,
			);
			buildRules = (
			);
			dependencies = (
				9C11A04225FBB54800DB6386 /* PBXTargetDependency */,
			);
			name = "Tests iOS";
			productName = "Tests iOS";
			productReference = 9C11A04025FBB54800DB6386 /* Tests iOS.xctest */;
			productType = "com.apple.product-type.bundle.ui-testing";
		};
		9C11A04A25FBB54800DB6386 /* Tests macOS */ = {
			isa = PBXNativeTarget;
			buildConfigurationList = 9C11A06725FBB54800DB6386 /* Build configuration list for PBXNativeTarget "Tests macOS" */;
			buildPhases = (
				9C11A04725FBB54800DB6386 /* Sources */,
				9C11A04825FBB54800DB6386 /* Frameworks */,
				9C11A04925FBB54800DB6386 /* Resources */,
			);
			buildRules = (
			);
			dependencies = (
				9C11A04D25FBB54800DB6386 /* PBXTargetDependency */,
			);
			name = "Tests macOS";
			productName = "Tests macOS";
			productReference = 9C11A04B25FBB54800DB6386 /* Tests macOS.xctest */;
			productType = "com.apple.product-type.bundle.ui-testing";
		};
/* End PBXNativeTarget section */

/* Begin PBXProject section */
		9C11A02125FBB54700DB6386 /* Project object */ = {
			isa = PBXProject;
			attributes = {
				LastSwiftUpdateCheck = 1240;
				LastUpgradeCheck = 1240;
				TargetAttributes = {
					9C11A02F25FBB54800DB6386 = {
						CreatedOnToolsVersion = 12.4;
					};
					9C11A03725FBB54800DB6386 = {
						CreatedOnToolsVersion = 12.4;
					};
					9C11A03F25FBB54800DB6386 = {
						CreatedOnToolsVersion = 12.4;
						TestTargetID = 9C11A02F25FBB54800DB6386;
					};
					9C11A04A25FBB54800DB6386 = {
						CreatedOnToolsVersion = 12.4;
						TestTargetID = 9C11A03725FBB54800DB6386;
					};
				};
			};
			buildConfigurationList = 9C11A02425FBB54700DB6386 /* Build configuration list for PBXProject "iDine" */;
			compatibilityVersion = "Xcode 9.3";
			developmentRegion = en;
			hasScannedForEncodings = 0;
			knownRegions = (
				en,
				Base,
			);
			mainGroup = 9C11A02025FBB54700DB6386;
			productRefGroup = 9C11A03125FBB54800DB6386 /* Products */;
			projectDirPath = "";
			projectRoot = "";
			targets = (
				9C11A02F25FBB54800DB6386 /* iDine (iOS) */,
				9C11A03725FBB54800DB6386 /* iDine (macOS) */,
				9C11A03F25FBB54800DB6386 /* Tests iOS */,
				9C11A04A25FBB54800DB6386 /* Tests macOS */,
			);
		};
/* End PBXProject section */

/* Begin PBXResourcesBuildPhase section */
		9C11A02E25FBB54800DB6386 /* Resources */ = {
			isa = PBXResourcesBuildPhase;
			buildActionMask = 2147483647;
			files = (
				9C11A05A25FBB54800DB6386 /* Assets.xcassets in Resources */,
			);
			runOnlyForDeploymentPostprocessing = 0;
		};
		9C11A03625FBB54800DB6386 /* Resources */ = {
			isa = PBXResourcesBuildPhase;
			buildActionMask = 2147483647;
			files = (
				9C11A05B25FBB54800DB6386 /* Assets.xcassets in Resources */,
			);
			runOnlyForDeploymentPostprocessing = 0;
		};
		9C11A03E25FBB54800DB6386 /* Resources */ = {
			isa = PBXResourcesBuildPhase;
			buildActionMask = 2147483647;
			files = (
			);
			runOnlyForDeploymentPostprocessing = 0;
		};
		9C11A04925FBB54800DB6386 /* Resources */ = {
			isa = PBXResourcesBuildPhase;
			buildActionMask = 2147483647;
			files = (
			);
			runOnlyForDeploymentPostprocessing = 0;
		};
/* End PBXResourcesBuildPhase section */

/* Begin PBXSourcesBuildPhase section */
		9C11A02C25FBB54800DB6386 /* Sources */ = {
			isa = PBXSourcesBuildPhase;
			buildActionMask = 2147483647;
			files = (
				9C11A05225FBB54800DB6386 /* iDine.xcdatamodeld in Sources */,
				9C11A05825FBB54800DB6386 /* Persistence.swift in Sources */,
				9C11A05425FBB54800DB6386 /* iDineApp.swift in Sources */,
				9C11A05625FBB54800DB6386 /* ContentView.swift in Sources */,
			);
			runOnlyForDeploymentPostprocessing = 0;
		};
		9C11A03425FBB54800DB6386 /* Sources */ = {
			isa = PBXSourcesBuildPhase;
			buildActionMask = 2147483647;
			files = (
				9C11A05325FBB54800DB6386 /* iDine.xcdatamodeld in Sources */,
				9C11A05925FBB54800DB6386 /* Persistence.swift in Sources */,
				9C11A05525FBB54800DB6386 /* iDineApp.swift in Sources */,
				9C11A05725FBB54800DB6386 /* ContentView.swift in Sources */,
			);
			runOnlyForDeploymentPostprocessing = 0;
		};
		9C11A03C25FBB54800DB6386 /* Sources */ = {
			isa = PBXSourcesBuildPhase;
			buildActionMask = 2147483647;
			files = (
				9C11A04525FBB54800DB6386 /* Tests_iOS.swift in Sources */,
			);
			runOnlyForDeploymentPostprocessing = 0;
		};
		9C11A04725FBB54800DB6386 /* Sources */ = {
			isa = PBXSourcesBuildPhase;
			buildActionMask = 2147483647;
			files = (
				9C11A05025FBB54800DB6386 /* Tests_macOS.swift in Sources */,
			);
			runOnlyForDeploymentPostprocessing = 0;
		};
/* End PBXSourcesBuildPhase section */

/* Begin PBXTargetDependency section */
		9C11A04225FBB54800DB6386 /* PBXTargetDependency */ = {
			isa = PBXTargetDependency;
			target = 9C11A02F25FBB54800DB6386 /* iDine (iOS) */;
			targetProxy = 9C11A04125FBB54800DB6386 /* PBXContainerItemProxy */;
		};
		9C11A04D25FBB54800DB6386 /* PBXTargetDependency */ = {
			isa = PBXTargetDependency;
			target = 9C11A03725FBB54800DB6386 /* iDine (macOS) */;
			targetProxy = 9C11A04C25FBB54800DB6386 /* PBXContainerItemProxy */;
		};
/* End PBXTargetDependency section */

/* Begin XCBuildConfiguration section */
		9C11A05C25FBB54800DB6386 /* Debug */ = {
			isa = XCBuildConfiguration;
			buildSettings = {
				ALWAYS_SEARCH_USER_PATHS = NO;
				CLANG_ANALYZER_NONNULL = YES;
				CLANG_ANALYZER_NUMBER_OBJECT_CONVERSION = YES_AGGRESSIVE;
				CLANG_CXX_LANGUAGE_STANDARD = "gnu++14";
				CLANG_CXX_LIBRARY = "libc++";
				CLANG_ENABLE_MODULES = YES;
				CLANG_ENABLE_OBJC_ARC = YES;
				CLANG_ENABLE_OBJC_WEAK = YES;
				CLANG_WARN_BLOCK_CAPTURE_AUTORELEASING = YES;
				CLANG_WARN_BOOL_CONVERSION = YES;
				CLANG_WARN_COMMA = YES;
				CLANG_WARN_CONSTANT_CONVERSION = YES;
				CLANG_WARN_DEPRECATED_OBJC_IMPLEMENTATIONS = YES;
				CLANG_WARN_DIRECT_OBJC_ISA_USAGE = YES_ERROR;
				CLANG_WARN_DOCUMENTATION_COMMENTS = YES;
				CLANG_WARN_EMPTY_BODY = YES;
				CLANG_WARN_ENUM_CONVERSION = YES;
				CLANG_WARN_INFINITE_RECURSION = YES;
				CLANG_WARN_INT_CONVERSION = YES;
				CLANG_WARN_NON_LITERAL_NULL_CONVERSION = YES;
				CLANG_WARN_OBJC_IMPLICIT_RETAIN_SELF = YES;
				CLANG_WARN_OBJC_LITERAL_CONVERSION = YES;
				CLANG_WARN_OBJC_ROOT_CLASS = YES_ERROR;
				CLANG_WARN_QUOTED_INCLUDE_IN_FRAMEWORK_HEADER = YES;
				CLANG_WARN_RANGE_LOOP_ANALYSIS = YES;
				CLANG_WARN_STRICT_PROTOTYPES = YES;
				CLANG_WARN_SUSPICIOUS_MOVE = YES;
				CLANG_WARN_UNGUARDED_AVAILABILITY = YES_AGGRESSIVE;
				CLANG_WARN_UNREACHABLE_CODE = YES;
				CLANG_WARN__DUPLICATE_METHOD_MATCH = YES;
				COPY_PHASE_STRIP = NO;
				DEBUG_INFORMATION_FORMAT = dwarf;
				ENABLE_STRICT_OBJC_MSGSEND = YES;
				ENABLE_TESTABILITY = YES;
				GCC_C_LANGUAGE_STANDARD = gnu11;
				GCC_DYNAMIC_NO_PIC = NO;
				GCC_NO_COMMON_BLOCKS = YES;
				GCC_OPTIMIZATION_LEVEL = 0;
				GCC_PREPROCESSOR_DEFINITIONS = (
					"DEBUG=1",
					"$(inherited)",
				);
				GCC_WARN_64_TO_32_BIT_CONVERSION = YES;
				GCC_WARN_ABOUT_RETURN_TYPE = YES_ERROR;
				GCC_WARN_UNDECLARED_SELECTOR = YES;
				GCC_WARN_UNINITIALIZED_AUTOS = YES_AGGRESSIVE;
				GCC_WARN_UNUSED_FUNCTION = YES;
				GCC_WARN_UNUSED_VARIABLE = YES;
				MTL_ENABLE_DEBUG_INFO = INCLUDE_SOURCE;
				MTL_FAST_MATH = YES;
				ONLY_ACTIVE_ARCH = YES;
				SWIFT_ACTIVE_COMPILATION_CONDITIONS = DEBUG;
				SWIFT_OPTIMIZATION_LEVEL = "-Onone";
			};
			name = Debug;
		};
		9C11A05D25FBB54800DB6386 /* Release */ = {
			isa = XCBuildConfiguration;
			buildSettings = {
				ALWAYS_SEARCH_USER_PATHS = NO;
				CLANG_ANALYZER_NONNULL = YES;
				CLANG_ANALYZER_NUMBER_OBJECT_CONVERSION = YES_AGGRESSIVE;
				CLANG_CXX_LANGUAGE_STANDARD = "gnu++14";
				CLANG_CXX_LIBRARY = "libc++";
				CLANG_ENABLE_MODULES = YES;
				CLANG_ENABLE_OBJC_ARC = YES;
				CLANG_ENABLE_OBJC_WEAK = YES;
				CLANG_WARN_BLOCK_CAPTURE_AUTORELEASING = YES;
				CLANG_WARN_BOOL_CONVERSION = YES;
				CLANG_WARN_COMMA = YES;
				CLANG_WARN_CONSTANT_CONVERSION = YES;
				CLANG_WARN_DEPRECATED_OBJC_IMPLEMENTATIONS = YES;
				CLANG_WARN_DIRECT_OBJC_ISA_USAGE = YES_ERROR;
				CLANG_WARN_DOCUMENTATION_COMMENTS = YES;
				CLANG_WARN_EMPTY_BODY = YES;
				CLANG_WARN_ENUM_CONVERSION = YES;
				CLANG_WARN_INFINITE_RECURSION = YES;
				CLANG_WARN_INT_CONVERSION = YES;
				CLANG_WARN_NON_LITERAL_NULL_CONVERSION = YES;
				CLANG_WARN_OBJC_IMPLICIT_RETAIN_SELF = YES;
				CLANG_WARN_OBJC_LITERAL_CONVERSION = YES;
				CLANG_WARN_OBJC_ROOT_CLASS = YES_ERROR;
				CLANG_WARN_QUOTED_INCLUDE_IN_FRAMEWORK_HEADER = YES;
				CLANG_WARN_RANGE_LOOP_ANALYSIS = YES;
				CLANG_WARN_STRICT_PROTOTYPES = YES;
				CLANG_WARN_SUSPICIOUS_MOVE = YES;
				CLANG_WARN_UNGUARDED_AVAILABILITY = YES_AGGRESSIVE;
				CLANG_WARN_UNREACHABLE_CODE = YES;
				CLANG_WARN__DUPLICATE_METHOD_MATCH = YES;
				COPY_PHASE_STRIP = NO;
				DEBUG_INFORMATION_FORMAT = "dwarf-with-dsym";
				ENABLE_NS_ASSERTIONS = NO;
				ENABLE_STRICT_OBJC_MSGSEND = YES;
				GCC_C_LANGUAGE_STANDARD = gnu11;
				GCC_NO_COMMON_BLOCKS = YES;
				GCC_WARN_64_TO_32_BIT_CONVERSION = YES;
				GCC_WARN_ABOUT_RETURN_TYPE = YES_ERROR;
				GCC_WARN_UNDECLARED_SELECTOR = YES;
				GCC_WARN_UNINITIALIZED_AUTOS = YES_AGGRESSIVE;
				GCC_WARN_UNUSED_FUNCTION = YES;
				GCC_WARN_UNUSED_VARIABLE = YES;
				MTL_ENABLE_DEBUG_INFO = NO;
				MTL_FAST_MATH = YES;
				SWIFT_COMPILATION_MODE = wholemodule;
				SWIFT_OPTIMIZATION_LEVEL = "-O";
			};
			name = Release;
		};
		9C11A05F25FBB54800DB6386 /* Debug */ = {
			isa = XCBuildConfiguration;
			buildSettings = {
				ASSETCATALOG_COMPILER_APPICON_NAME = AppIcon;
				ASSETCATALOG_COMPILER_GLOBAL_ACCENT_COLOR_NAME = AccentColor;
				CODE_SIGN_STYLE = Automatic;
				DEVELOPMENT_TEAM = 57QSDJBF5E;
				ENABLE_PREVIEWS = YES;
				INFOPLIST_FILE = iOS/Info.plist;
				IPHONEOS_DEPLOYMENT_TARGET = 14.0;
				LD_RUNPATH_SEARCH_PATHS = (
					"$(inherited)",
					"@executable_path/Frameworks",
				);
				PRODUCT_BUNDLE_IDENTIFIER = com.arose.iDine;
				PRODUCT_NAME = iDine;
				SDKROOT = iphoneos;
				SWIFT_VERSION = 5.0;
				TARGETED_DEVICE_FAMILY = "1,2";
			};
			name = Debug;
		};
		9C11A06025FBB54800DB6386 /* Release */ = {
			isa = XCBuildConfiguration;
			buildSettings = {
				ASSETCATALOG_COMPILER_APPICON_NAME = AppIcon;
				ASSETCATALOG_COMPILER_GLOBAL_ACCENT_COLOR_NAME = AccentColor;
				CODE_SIGN_STYLE = Automatic;
				DEVELOPMENT_TEAM = 57QSDJBF5E;
				ENABLE_PREVIEWS = YES;
				INFOPLIST_FILE = iOS/Info.plist;
				IPHONEOS_DEPLOYMENT_TARGET = 14.0;
				LD_RUNPATH_SEARCH_PATHS = (
					"$(inherited)",
					"@executable_path/Frameworks",
				);
				PRODUCT_BUNDLE_IDENTIFIER = com.arose.iDine;
				PRODUCT_NAME = iDine;
				SDKROOT = iphoneos;
				SWIFT_VERSION = 5.0;
				TARGETED_DEVICE_FAMILY = "1,2";
				VALIDATE_PRODUCT = YES;
			};
			name = Release;
		};
		9C11A06225FBB54800DB6386 /* Debug */ = {
			isa = XCBuildConfiguration;
			buildSettings = {
				ASSETCATALOG_COMPILER_APPICON_NAME = AppIcon;
				ASSETCATALOG_COMPILER_GLOBAL_ACCENT_COLOR_NAME = AccentColor;
				CODE_SIGN_ENTITLEMENTS = macOS/macOS.entitlements;
				CODE_SIGN_STYLE = Automatic;
				COMBINE_HIDPI_IMAGES = YES;
				DEVELOPMENT_TEAM = 57QSDJBF5E;
				ENABLE_HARDENED_RUNTIME = YES;
				ENABLE_PREVIEWS = YES;
				INFOPLIST_FILE = macOS/Info.plist;
				LD_RUNPATH_SEARCH_PATHS = (
					"$(inherited)",
					"@executable_path/../Frameworks",
				);
				MACOSX_DEPLOYMENT_TARGET = 11.0;
				PRODUCT_BUNDLE_IDENTIFIER = com.arose.iDine;
				PRODUCT_NAME = iDine;
				SDKROOT = macosx;
				SWIFT_VERSION = 5.0;
			};
			name = Debug;
		};
		9C11A06325FBB54800DB6386 /* Release */ = {
			isa = XCBuildConfiguration;
			buildSettings = {
				ASSETCATALOG_COMPILER_APPICON_NAME = AppIcon;
				ASSETCATALOG_COMPILER_GLOBAL_ACCENT_COLOR_NAME = AccentColor;
				CODE_SIGN_ENTITLEMENTS = macOS/macOS.entitlements;
				CODE_SIGN_STYLE = Automatic;
				COMBINE_HIDPI_IMAGES = YES;
				DEVELOPMENT_TEAM = 57QSDJBF5E;
				ENABLE_HARDENED_RUNTIME = YES;
				ENABLE_PREVIEWS = YES;
				INFOPLIST_FILE = macOS/Info.plist;
				LD_RUNPATH_SEARCH_PATHS = (
					"$(inherited)",
					"@executable_path/../Frameworks",
				);
				MACOSX_DEPLOYMENT_TARGET = 11.0;
				PRODUCT_BUNDLE_IDENTIFIER = com.arose.iDine;
				PRODUCT_NAME = iDine;
				SDKROOT = macosx;
				SWIFT_VERSION = 5.0;
			};
			name = Release;
		};
		9C11A06525FBB54800DB6386 /* Debug */ = {
			isa = XCBuildConfiguration;
			buildSettings = {
				ALWAYS_EMBED_SWIFT_STANDARD_LIBRARIES = YES;
				CODE_SIGN_STYLE = Automatic;
				DEVELOPMENT_TEAM = 57QSDJBF5E;
				INFOPLIST_FILE = "Tests iOS/Info.plist";
				IPHONEOS_DEPLOYMENT_TARGET = 14.4;
				LD_RUNPATH_SEARCH_PATHS = (
					"$(inherited)",
					"@executable_path/Frameworks",
					"@loader_path/Frameworks",
				);
				PRODUCT_BUNDLE_IDENTIFIER = "com.arose.Tests-iOS";
				PRODUCT_NAME = "$(TARGET_NAME)";
				SDKROOT = iphoneos;
				SWIFT_VERSION = 5.0;
				TARGETED_DEVICE_FAMILY = "1,2";
				TEST_TARGET_NAME = "iDine (iOS)";
			};
			name = Debug;
		};
		9C11A06625FBB54800DB6386 /* Release */ = {
			isa = XCBuildConfiguration;
			buildSettings = {
				ALWAYS_EMBED_SWIFT_STANDARD_LIBRARIES = YES;
				CODE_SIGN_STYLE = Automatic;
				DEVELOPMENT_TEAM = 57QSDJBF5E;
				INFOPLIST_FILE = "Tests iOS/Info.plist";
				IPHONEOS_DEPLOYMENT_TARGET = 14.4;
				LD_RUNPATH_SEARCH_PATHS = (
					"$(inherited)",
					"@executable_path/Frameworks",
					"@loader_path/Frameworks",
				);
				PRODUCT_BUNDLE_IDENTIFIER = "com.arose.Tests-iOS";
				PRODUCT_NAME = "$(TARGET_NAME)";
				SDKROOT = iphoneos;
				SWIFT_VERSION = 5.0;
				TARGETED_DEVICE_FAMILY = "1,2";
				TEST_TARGET_NAME = "iDine (iOS)";
				VALIDATE_PRODUCT = YES;
			};
			name = Release;
		};
		9C11A06825FBB54800DB6386 /* Debug */ = {
			isa = XCBuildConfiguration;
			buildSettings = {
				ALWAYS_EMBED_SWIFT_STANDARD_LIBRARIES = YES;
				CODE_SIGN_STYLE = Automatic;
				COMBINE_HIDPI_IMAGES = YES;
				DEVELOPMENT_TEAM = 57QSDJBF5E;
				INFOPLIST_FILE = "Tests macOS/Info.plist";
				LD_RUNPATH_SEARCH_PATHS = (
					"$(inherited)",
					"@executable_path/../Frameworks",
					"@loader_path/../Frameworks",
				);
				MACOSX_DEPLOYMENT_TARGET = 11.1;
				PRODUCT_BUNDLE_IDENTIFIER = "com.arose.Tests-macOS";
				PRODUCT_NAME = "$(TARGET_NAME)";
				SDKROOT = macosx;
				SWIFT_VERSION = 5.0;
				TEST_TARGET_NAME = "iDine (macOS)";
			};
			name = Debug;
		};
		9C11A06925FBB54800DB6386 /* Release */ = {
			isa = XCBuildConfiguration;
			buildSettings = {
				ALWAYS_EMBED_SWIFT_STANDARD_LIBRARIES = YES;
				CODE_SIGN_STYLE = Automatic;
				COMBINE_HIDPI_IMAGES = YES;
				DEVELOPMENT_TEAM = 57QSDJBF5E;
				INFOPLIST_FILE = "Tests macOS/Info.plist";
				LD_RUNPATH_SEARCH_PATHS = (
					"$(inherited)",
					"@executable_path/../Frameworks",
					"@loader_path/../Frameworks",
				);
				MACOSX_DEPLOYMENT_TARGET = 11.1;
				PRODUCT_BUNDLE_IDENTIFIER = "com.arose.Tests-macOS";
				PRODUCT_NAME = "$(TARGET_NAME)";
				SDKROOT = macosx;
				SWIFT_VERSION = 5.0;
				TEST_TARGET_NAME = "iDine (macOS)";
			};
			name = Release;
		};
/* End XCBuildConfiguration section */

/* Begin XCConfigurationList section */
		9C11A02425FBB54700DB6386 /* Build configuration list for PBXProject "iDine" */ = {
			isa = XCConfigurationList;
			buildConfigurations = (
				9C11A05C25FBB54800DB6386 /* Debug */,
				9C11A05D25FBB54800DB6386 /* Release */,
			);
			defaultConfigurationIsVisible = 0;
			defaultConfigurationName = Release;
		};
		9C11A05E25FBB54800DB6386 /* Build configuration list for PBXNativeTarget "iDine (iOS)" */ = {
			isa = XCConfigurationList;
			buildConfigurations = (
				9C11A05F25FBB54800DB6386 /* Debug */,
				9C11A06025FBB54800DB6386 /* Release */,
			);
			defaultConfigurationIsVisible = 0;
			defaultConfigurationName = Release;
		};
		9C11A06125FBB54800DB6386 /* Build configuration list for PBXNativeTarget "iDine (macOS)" */ = {
			isa = XCConfigurationList;
			buildConfigurations = (
				9C11A06225FBB54800DB6386 /* Debug */,
				9C11A06325FBB54800DB6386 /* Release */,
			);
			defaultConfigurationIsVisible = 0;
			defaultConfigurationName = Release;
		};
		9C11A06425FBB54800DB6386 /* Build configuration list for PBXNativeTarget "Tests iOS" */ = {
			isa = XCConfigurationList;
			buildConfigurations = (
				9C11A06525FBB54800DB6386 /* Debug */,
				9C11A06625FBB54800DB6386 /* Release */,
			);
			defaultConfigurationIsVisible = 0;
			defaultConfigurationName = Release;
		};
		9C11A06725FBB54800DB6386 /* Build configuration list for PBXNativeTarget "Tests macOS" */ = {
			isa = XCConfigurationList;
			buildConfigurations = (
				9C11A06825FBB54800DB6386 /* Debug */,
				9C11A06925FBB54800DB6386 /* Release */,
			);
			defaultConfigurationIsVisible = 0;
			defaultConfigurationName = Release;
		};
/* End XCConfigurationList section */

/* Begin XCVersionGroup section */
		9C11A02625FBB54700DB6386 /* iDine.xcdatamodeld */ = {
			isa = XCVersionGroup;
			children = (
				9C11A02725FBB54700DB6386 /* Shared.xcdatamodel */,
			);
			currentVersion = 9C11A02725FBB54700DB6386 /* Shared.xcdatamodel */;
			path = iDine.xcdatamodeld;
			sourceTree = "<group>";
			versionGroupType = wrapper.xcdatamodel;
		};
/* End XCVersionGroup section */
	};
	rootObject = 9C11A02125FBB54700DB6386 /* Project object */;
}
